
Microsoft Visual Studio Solution File, Format Version 12.00
# Visual Studio Version 17
VisualStudioVersion = 17.4.33213.308
MinimumVisualStudioVersion = 10.0.40219.1
Project("{9A19103F-16F7-4668-BE54-9A1E7A4F7556}") = "MedcineProject.AppointmentService", "MedcineProject.AppointmentService\MedcineProject.AppointmentService.csproj", "{318E6DA3-A51C-4D2E-88E6-E335D93B40D2}"
EndProject
Project("{9A19103F-16F7-4668-BE54-9A1E7A4F7556}") = "Domain", "Domain\Domain.csproj", "{EFDEBA13-8529-46D8-B7EA-0961DE564AA5}"
EndProject
Project("{9A19103F-16F7-4668-BE54-9A1E7A4F7556}") = "Infrastructure", "Infrastructure\Infrastructure.csproj", "{FF55F52D-B296-4BA5-ACC7-ACB84C2C812F}"
EndProject
Project("{9A19103F-16F7-4668-BE54-9A1E7A4F7556}") = "Core", "Core\Core.csproj", "{A635D51E-5C8A-468E-9A9E-31003ED5484E}"
EndProject
Project("{E53339B2-1760-4266-BCC7-CA923CBCF16C}") = "docker-compose", "docker-compose.dcproj", "{EF5C3C4F-C0FA-438D-8D07-33323DABA635}"
EndProject
Global
	GlobalSection(SolutionConfigurationPlatforms) = preSolution
		Debug|Any CPU = Debug|Any CPU
		Release|Any CPU = Release|Any CPU
	EndGlobalSection
	GlobalSection(ProjectConfigurationPlatforms) = postSolution
		{318E6DA3-A51C-4D2E-88E6-E335D93B40D2}.Debug|Any CPU.ActiveCfg = Debug|Any CPU
		{318E6DA3-A51C-4D2E-88E6-E335D93B40D2}.Debug|Any CPU.Build.0 = Debug|Any CPU
		{318E6DA3-A51C-4D2E-88E6-E335D93B40D2}.Release|Any CPU.ActiveCfg = Release|Any CPU
		{318E6DA3-A51C-4D2E-88E6-E335D93B40D2}.Release|Any CPU.Build.0 = Release|Any CPU
		{EFDEBA13-8529-46D8-B7EA-0961DE564AA5}.Debug|Any CPU.ActiveCfg = Debug|Any CPU
		{EFDEBA13-8529-46D8-B7EA-0961DE564AA5}.Debug|Any CPU.Build.0 = Debug|Any CPU
		{EFDEBA13-8529-46D8-B7EA-0961DE564AA5}.Release|Any CPU.ActiveCfg = Release|Any CPU
		{EFDEBA13-8529-46D8-B7EA-0961DE564AA5}.Release|Any CPU.Build.0 = Release|Any CPU
		{FF55F52D-B296-4BA5-ACC7-ACB84C2C812F}.Debug|Any CPU.ActiveCfg = Debug|Any CPU
		{FF55F52D-B296-4BA5-ACC7-ACB84C2C812F}.Debug|Any CPU.Build.0 = Debug|Any CPU
		{FF55F52D-B296-4BA5-ACC7-ACB84C2C812F}.Release|Any CPU.ActiveCfg = Release|Any CPU
		{FF55F52D-B296-4BA5-ACC7-ACB84C2C812F}.Release|Any CPU.Build.0 = Release|Any CPU
		{A635D51E-5C8A-468E-9A9E-31003ED5484E}.Debug|Any CPU.ActiveCfg = Debug|Any CPU
		{A635D51E-5C8A-468E-9A9E-31003ED5484E}.Debug|Any CPU.Build.0 = Debug|Any CPU
		{A635D51E-5C8A-468E-9A9E-31003ED5484E}.Release|Any CPU.ActiveCfg = Release|Any CPU
		{A635D51E-5C8A-468E-9A9E-31003ED5484E}.Release|Any CPU.Build.0 = Release|Any CPU
		{EF5C3C4F-C0FA-438D-8D07-33323DABA635}.Debug|Any CPU.ActiveCfg = Debug|Any CPU
		{EF5C3C4F-C0FA-438D-8D07-33323DABA635}.Debug|Any CPU.Build.0 = Debug|Any CPU
		{EF5C3C4F-C0FA-438D-8D07-33323DABA635}.Release|Any CPU.ActiveCfg = Release|Any CPU
		{EF5C3C4F-C0FA-438D-8D07-33323DABA635}.Release|Any CPU.Build.0 = Release|Any CPU
	EndGlobalSection
	GlobalSection(SolutionProperties) = preSolution
		HideSolutionNode = FALSE
	EndGlobalSection
	GlobalSection(ExtensibilityGlobals) = postSolution
		SolutionGuid = {A2813F8F-25A7-438B-A254-19D380BD5C6B}
	EndGlobalSection
EndGlobal
